
Microsoft Visual Studio Solution File, Format Version 12.00
# Visual Studio Version 17
VisualStudioVersion = 17.0.31903.59
MinimumVisualStudioVersion = 10.0.40219.1
Project("{FAE04EC0-301F-11D3-BF4B-00C04F79EFBC}") = "ContactsApp.View", "ContactsApp.View\ContactsApp.View.csproj", "{9AEF7ADE-DFCC-4A6A-BA5F-30940E395C9F}"
EndProject
Project("{FAE04EC0-301F-11D3-BF4B-00C04F79EFBC}") = "ContactsApp.Model", "ContactsApp.Model\ContactsApp.Model.csproj", "{10937DD3-42BC-415A-9183-46A728B1337B}"
EndProject
Project("{2150E333-8FDC-42A3-9474-1A3956D46DE8}") = "testing", "testing", "{215AADD7-6A78-4E54-A5E7-290CDF88E6A6}"
EndProject
Project("{FAE04EC0-301F-11D3-BF4B-00C04F79EFBC}") = "ContactsApp.Model.UnitTests", "testing\ContactsApp.UnitTests\ContactsApp.Model.UnitTests.csproj", "{A9F46658-CBB1-48D0-8A48-9655C8BA0716}"
EndProject
Global
	GlobalSection(SolutionConfigurationPlatforms) = preSolution
		Debug|Any CPU = Debug|Any CPU
		Release|Any CPU = Release|Any CPU
	EndGlobalSection
	GlobalSection(ProjectConfigurationPlatforms) = postSolution
		{9AEF7ADE-DFCC-4A6A-BA5F-30940E395C9F}.Debug|Any CPU.ActiveCfg = Debug|Any CPU
		{9AEF7ADE-DFCC-4A6A-BA5F-30940E395C9F}.Debug|Any CPU.Build.0 = Debug|Any CPU
		{9AEF7ADE-DFCC-4A6A-BA5F-30940E395C9F}.Release|Any CPU.ActiveCfg = Release|Any CPU
		{9AEF7ADE-DFCC-4A6A-BA5F-30940E395C9F}.Release|Any CPU.Build.0 = Release|Any CPU
		{10937DD3-42BC-415A-9183-46A728B1337B}.Debug|Any CPU.ActiveCfg = Debug|Any CPU
		{10937DD3-42BC-415A-9183-46A728B1337B}.Debug|Any CPU.Build.0 = Debug|Any CPU
		{10937DD3-42BC-415A-9183-46A728B1337B}.Release|Any CPU.ActiveCfg = Release|Any CPU
		{10937DD3-42BC-415A-9183-46A728B1337B}.Release|Any CPU.Build.0 = Release|Any CPU
		{A9F46658-CBB1-48D0-8A48-9655C8BA0716}.Debug|Any CPU.ActiveCfg = Debug|Any CPU
		{A9F46658-CBB1-48D0-8A48-9655C8BA0716}.Debug|Any CPU.Build.0 = Debug|Any CPU
		{A9F46658-CBB1-48D0-8A48-9655C8BA0716}.Release|Any CPU.ActiveCfg = Release|Any CPU
		{A9F46658-CBB1-48D0-8A48-9655C8BA0716}.Release|Any CPU.Build.0 = Release|Any CPU
	EndGlobalSection
	GlobalSection(SolutionProperties) = preSolution
		HideSolutionNode = FALSE
	EndGlobalSection
	GlobalSection(NestedProjects) = preSolution
		{A9F46658-CBB1-48D0-8A48-9655C8BA0716} = {215AADD7-6A78-4E54-A5E7-290CDF88E6A6}
	EndGlobalSection
	GlobalSection(ExtensibilityGlobals) = postSolution
		SolutionGuid = {DD7F854A-BF0D-4C56-8492-9B9344D1E689}
	EndGlobalSection
EndGlobal
